
Microsoft Visual Studio Solution File, Format Version 12.00
Project("{FAE04EC0-301F-11D3-BF4B-00C04F79EFBC}") = "Tests", "Tests\Tests.csproj", "{C3BABEB3-07BE-4129-9147-A90C3A690D58}"
EndProject
Project("{FAE04EC0-301F-11D3-BF4B-00C04F79EFBC}") = "App", "..\..\App\App\App\App.csproj", "{8181AE70-8271-48B2-968D-3495137AB3F3}"
EndProject
Global
	GlobalSection(SolutionConfigurationPlatforms) = preSolution
		Debug|Any CPU = Debug|Any CPU
		Release|Any CPU = Release|Any CPU
	EndGlobalSection
	GlobalSection(ProjectConfigurationPlatforms) = postSolution
		{C3BABEB3-07BE-4129-9147-A90C3A690D58}.Debug|Any CPU.ActiveCfg = Debug|Any CPU
		{C3BABEB3-07BE-4129-9147-A90C3A690D58}.Debug|Any CPU.Build.0 = Debug|Any CPU
		{C3BABEB3-07BE-4129-9147-A90C3A690D58}.Release|Any CPU.ActiveCfg = Release|Any CPU
		{C3BABEB3-07BE-4129-9147-A90C3A690D58}.Release|Any CPU.Build.0 = Release|Any CPU
		{8181AE70-8271-48B2-968D-3495137AB3F3}.Debug|Any CPU.ActiveCfg = Debug|Any CPU
		{8181AE70-8271-48B2-968D-3495137AB3F3}.Debug|Any CPU.Build.0 = Debug|Any CPU
		{8181AE70-8271-48B2-968D-3495137AB3F3}.Release|Any CPU.ActiveCfg = Release|Any CPU
		{8181AE70-8271-48B2-968D-3495137AB3F3}.Release|Any CPU.Build.0 = Release|Any CPU
	EndGlobalSection
EndGlobal
